
Microsoft Visual Studio Solution File, Format Version 12.00
# Visual Studio Version 16
VisualStudioVersion = 16.0.30717.126
MinimumVisualStudioVersion = 10.0.40219.1
Project("{FAE04EC0-301F-11D3-BF4B-00C04F79EFBC}") = "SampleDatabaseApplication", "SampleDatabaseApplication.csproj", "{EB9C98A2-89B5-4EC4-AE1C-707B6055C7E2}"
EndProject
Global
	GlobalSection(SolutionConfigurationPlatforms) = preSolution
		Debug|Any CPU = Debug|Any CPU
		Release|Any CPU = Release|Any CPU
	EndGlobalSection
	GlobalSection(ProjectConfigurationPlatforms) = postSolution
		{EB9C98A2-89B5-4EC4-AE1C-707B6055C7E2}.Debug|Any CPU.ActiveCfg = Debug|Any CPU
		{EB9C98A2-89B5-4EC4-AE1C-707B6055C7E2}.Debug|Any CPU.Build.0 = Debug|Any CPU
		{EB9C98A2-89B5-4EC4-AE1C-707B6055C7E2}.Release|Any CPU.ActiveCfg = Release|Any CPU
		{EB9C98A2-89B5-4EC4-AE1C-707B6055C7E2}.Release|Any CPU.Build.0 = Release|Any CPU
	EndGlobalSection
	GlobalSection(SolutionProperties) = preSolution
		HideSolutionNode = FALSE
	EndGlobalSection
	GlobalSection(ExtensibilityGlobals) = postSolution
		SolutionGuid = {415BAFE4-1D79-44FB-8F18-59357F9AA292}
	EndGlobalSection
EndGlobal
