
Microsoft Visual Studio Solution File, Format Version 12.00
# Visual Studio Version 16
VisualStudioVersion = 16.0.30611.23
MinimumVisualStudioVersion = 10.0.40219.1
Project("{FAE04EC0-301F-11D3-BF4B-00C04F79EFBC}") = "WindowsFormsApp1", "WindowsFormsApp1.csproj", "{FB5DEDEC-BFA3-4E0A-BC88-05C747929138}"
EndProject
Project("{FAE04EC0-301F-11D3-BF4B-00C04F79EFBC}") = "Login page", "..\MyClgGuiApp2\Login page.csproj", "{F34EBF59-AC49-4BA8-98CF-850D7ED4477F}"
EndProject
Project("{FAE04EC0-301F-11D3-BF4B-00C04F79EFBC}") = "Picture Viewer", "..\Picture Viewer\Picture Viewer.csproj", "{8F183602-756D-4BFC-8E1E-BF5B04826D7A}"
EndProject
Global
	GlobalSection(SolutionConfigurationPlatforms) = preSolution
		Debug|Any CPU = Debug|Any CPU
		Release|Any CPU = Release|Any CPU
	EndGlobalSection
	GlobalSection(ProjectConfigurationPlatforms) = postSolution
		{FB5DEDEC-BFA3-4E0A-BC88-05C747929138}.Debug|Any CPU.ActiveCfg = Debug|Any CPU
		{FB5DEDEC-BFA3-4E0A-BC88-05C747929138}.Debug|Any CPU.Build.0 = Debug|Any CPU
		{FB5DEDEC-BFA3-4E0A-BC88-05C747929138}.Release|Any CPU.ActiveCfg = Release|Any CPU
		{FB5DEDEC-BFA3-4E0A-BC88-05C747929138}.Release|Any CPU.Build.0 = Release|Any CPU
		{F34EBF59-AC49-4BA8-98CF-850D7ED4477F}.Debug|Any CPU.ActiveCfg = Debug|Any CPU
		{F34EBF59-AC49-4BA8-98CF-850D7ED4477F}.Debug|Any CPU.Build.0 = Debug|Any CPU
		{F34EBF59-AC49-4BA8-98CF-850D7ED4477F}.Release|Any CPU.ActiveCfg = Release|Any CPU
		{F34EBF59-AC49-4BA8-98CF-850D7ED4477F}.Release|Any CPU.Build.0 = Release|Any CPU
		{8F183602-756D-4BFC-8E1E-BF5B04826D7A}.Debug|Any CPU.ActiveCfg = Debug|Any CPU
		{8F183602-756D-4BFC-8E1E-BF5B04826D7A}.Debug|Any CPU.Build.0 = Debug|Any CPU
		{8F183602-756D-4BFC-8E1E-BF5B04826D7A}.Release|Any CPU.ActiveCfg = Release|Any CPU
		{8F183602-756D-4BFC-8E1E-BF5B04826D7A}.Release|Any CPU.Build.0 = Release|Any CPU
	EndGlobalSection
	GlobalSection(SolutionProperties) = preSolution
		HideSolutionNode = FALSE
	EndGlobalSection
	GlobalSection(ExtensibilityGlobals) = postSolution
		SolutionGuid = {0F34A964-4DD1-4C91-B7E2-87FD1AB80388}
	EndGlobalSection
EndGlobal
